
Microsoft Visual Studio Solution File, Format Version 12.00
# Visual Studio Version 16
VisualStudioVersion = 16.0.31410.357
MinimumVisualStudioVersion = 10.0.40219.1
Project("{FAE04EC0-301F-11D3-BF4B-00C04F79EFBC}") = "test_myhid", "test_myhid\test_myhid.csproj", "{6BEBC7A6-3E55-467C-A600-4453A315145E}"
EndProject
Global
	GlobalSection(SolutionConfigurationPlatforms) = preSolution
		Debug|Any CPU = Debug|Any CPU
		Release|Any CPU = Release|Any CPU
	EndGlobalSection
	GlobalSection(ProjectConfigurationPlatforms) = postSolution
		{6BEBC7A6-3E55-467C-A600-4453A315145E}.Debug|Any CPU.ActiveCfg = Debug|Any CPU
		{6BEBC7A6-3E55-467C-A600-4453A315145E}.Debug|Any CPU.Build.0 = Debug|Any CPU
		{6BEBC7A6-3E55-467C-A600-4453A315145E}.Release|Any CPU.ActiveCfg = Release|Any CPU
		{6BEBC7A6-3E55-467C-A600-4453A315145E}.Release|Any CPU.Build.0 = Release|Any CPU
	EndGlobalSection
	GlobalSection(SolutionProperties) = preSolution
		HideSolutionNode = FALSE
	EndGlobalSection
	GlobalSection(ExtensibilityGlobals) = postSolution
		SolutionGuid = {DACC09DC-A275-4A3F-8D27-8BB0D819F83A}
	EndGlobalSection
EndGlobal
