#MicroXplorer Configuration settings - do not modify
RCC.USART1Freq_Value=80000000
FATFS._USE_LFN=0
SPI2.VirtualType=VM_MASTER
FREERTOS.configUSE_DAEMON_TASK_STARTUP_HOOK=0
TIM1.IPParameters=Channel-PWM Generation1 CH1,AutoReloadPreload,Period,Pulse-PWM Generation1 CH1
FREERTOS.Events01=rtos_event,Dynamic,NULL
VP_USB_DEVICE_VS_USB_DEVICE_CUSTOM_HID_FS.Mode=CUSTOM_HID_FS
VP_RTC_VS_RTC_Activate.Mode=RTC_Enabled
PA15\ (JTDI).Signal=S_TIM2_CH1
SH.S_TIM1_CH1.ConfNb=1
USART1.IPParameters=VirtualMode-Asynchronous
PB13.Signal=SPI2_SCK
FATFS._FS_TINY=0
PinOutPanel.RotationAngle=0
RCC.MCO1PinFreq_Value=80000000
RCC.SYSCLKSource=RCC_SYSCLKSOURCE_PLLCLK
SH.ADCx_IN16.0=ADC1_IN16,IN15-Differential
PA14\ (JTCK-SWCLK).Signal=SYS_JTCK-SWCLK
RCC.LPTIM1Freq_Value=80000000
NVIC.SVCall_IRQn=true\:0\:0\:false\:false\:false\:false\:false\:false
FREERTOS.INCLUDE_pcTaskGetTaskName=0
USB_DEVICE.USBD_MAX_NUM_INTERFACES=1
TIM2.IPParameters=Prescaler,CounterMode,Period,ClockDivision,AutoReloadPreload,TIM_MasterSlaveMode,TIM_MasterOutputTrigger,ICPolarity_1
RCC.APB2TimFreq_Value=80000000
PB6.Signal=USART1_TX
PB6.Mode=Asynchronous
VP_TIM2_VS_ClockSourceINT.Signal=TIM2_VS_ClockSourceINT
FREERTOS.configMINIMAL_STACK_SIZE=128
FATFS._LFN_UNICODE=0
RCC.PREFETCH_ENABLE=1
PB13.Locked=true
RCC.USART3Freq_Value=80000000
ProjectManager.ProjectBuild=false
NVIC.UsageFault_IRQn=true\:0\:0\:false\:false\:true\:false\:false\:false
PA8.Locked=true
PA4.Locked=true
SH.ADCx_IN15.0=ADC1_IN15,IN15-Differential
FATFS._USE_STRFUNC=2
TIM15.Period=65535
PB12.GPIO_Label=CS_SPI
ProjectManager.FirmwarePackage=STM32Cube FW_L4 V1.17.0
TIM15.TIM_MasterSlaveMode=TIM_MASTERSLAVEMODE_DISABLE
MxDb.Version=DB.6.0.21
ProjectManager.BackupPrevious=false
FREERTOS.INCLUDE_xQueueGetMutexHolder=1
TIM1.Channel-PWM\ Generation1\ CH1=TIM_CHANNEL_1
PB14.Mode=Full_Duplex_Master
FREERTOS.HEAP_NUMBER=4
NVIC.TIM2_IRQn=true\:5\:0\:false\:false\:true\:true\:true\:true
PA0.Mode=PGA Connected
SPI2.CalculateBaudRate=40.0 MBits/s
SH.ADCx_IN11.ConfNb=1
FATFS._USE_MKFS=1
PA8.Signal=S_TIM1_CH1
RCC.PLLRCLKFreq_Value=80000000
PB6.Locked=true
NVIC.PendSV_IRQn=true\:15\:0\:false\:false\:false\:true\:false\:false
VP_TIM15_VS_ClockSourceINT.Signal=TIM15_VS_ClockSourceINT
ProjectManager.HalAssertFull=false
ADC1.SamplingTime-0\#ChannelRegularConversion=ADC_SAMPLETIME_2CYCLES_5
VP_TIM1_VS_ClockSourceINT.Mode=Internal
FATFS._FS_TIMEOUT=1000
PA0.Signal=OPAMP1_VINP
Mcu.Package=LQFP48
PB9.Signal=I2C1_SDA
TIM2.Prescaler=0
PB1.Signal=ADCx_IN16
FREERTOS.configUSE_NEWLIB_REENTRANT=0
NVIC.TimeBase=TIM1_UP_TIM16_IRQn
SPI2.Mode=SPI_MODE_MASTER
FREERTOS.INCLUDE_vTaskSuspend=1
TIM2.ICPolarity_1=TIM_INPUTCHANNELPOLARITY_FALLING
Dma.USART1_RX.0.RequestParameters=Instance,Direction,PeriphInc,MemInc,PeriphDataAlignment,MemDataAlignment,Mode,Priority
NVIC.TimeBaseIP=TIM16
RCC.LSCOPinFreq_Value=32000
PA10.Signal=GPIO_Output
FREERTOS.FootprintOK=false
FREERTOS.copyHeapFile=1
FREERTOS.INCLUDE_vTaskPrioritySet=1
FATFS._FS_MINIMIZE=0
RCC.PLLPoutputFreq_Value=22857142.85714286
RCC.APB1TimFreq_Value=80000000
FREERTOS.configGENERATE_RUN_TIME_STATS=0
NVIC.BusFault_IRQn=true\:0\:0\:false\:false\:true\:false\:false\:false
RCC.LPUART1Freq_Value=80000000
TIM1.Period=0xffff
PB13.Mode=Full_Duplex_Master
PA13\ (JTMS-SWDIO).Signal=SYS_JTMS-SWDIO
NVIC.USART1_IRQn=true\:5\:0\:false\:false\:true\:true\:true\:true
PA4.GPIO_Label=CH3
ProjectManager.CustomerFirmwarePackage=
FATFS._MIN_SS=512
RCC.HSI48_VALUE=48000000
TIM15.Channel-PWM\ Generation1\ CH1=TIM_CHANNEL_1
USB_DEVICE.USBD_DEBUG_LEVEL=0
FREERTOS.INCLUDE_xTimerPendFunctionCall=1
VP_USB_DEVICE_VS_USB_DEVICE_CUSTOM_HID_FS.Signal=USB_DEVICE_VS_USB_DEVICE_CUSTOM_HID_FS
FREERTOS.configTIMER_QUEUE_LENGTH=10
RCC.PLLQoutputFreq_Value=80000000
ProjectManager.ProjectFileName=motor_hid_l433.ioc
FREERTOS.configIDLE_SHOULD_YIELD=1
PC15-OSC32_OUT\ (PC15).GPIO_Label=CH2
FREERTOS.Tasks01=console,24,512,process_console,Default,NULL,Dynamic,NULL,NULL;button,48,128,process_button,Default,NULL,Dynamic,NULL,NULL;buzzer,8,128,process_buzzer,Default,NULL,Dynamic,NULL,NULL;timer0,24,128,process_timer0,Default,NULL,Dynamic,NULL,NULL
ADC1.Rank-0\#ChannelRegularConversion=1
Mcu.PinsNb=40
ADC1.IPParameters=Rank-0\#ChannelRegularConversion,Channel-0\#ChannelRegularConversion,SingleDiff-0\#ChannelRegularConversion,SamplingTime-0\#ChannelRegularConversion,OffsetNumber-0\#ChannelRegularConversion,NbrOfConversionFlag,master
FREERTOS.INCLUDE_xTaskGetCurrentTaskHandle=1
PC13.Locked=true
FREERTOS.configLIBRARY_LOWEST_INTERRUPT_PRIORITY=15
ADC1.OffsetNumber-0\#ChannelRegularConversion=ADC_OFFSET_NONE
PC13.Signal=GPIO_Output
PA9.GPIO_Label=EN_FG2
FREERTOS.INCLUDE_vTaskDelayUntil=1
RCC.SWPMI1Freq_Value=80000000
FREERTOS.configCHECK_FOR_STACK_OVERFLOW=0
PB11.GPIO_Label=CH5
PC14-OSC32_IN\ (PC14).GPIO_Label=CH4
FATFS._VOLUMES=1
PA3.Mode=PGA Connected
TIM1.AutoReloadPreload=TIM_AUTORELOAD_PRELOAD_ENABLE
ADC1.SingleDiff-0\#ChannelRegularConversion=ADC_DIFFERENTIAL_ENDED
USB_DEVICE.VID=1155
Dma.USART1_RX.0.Direction=DMA_PERIPH_TO_MEMORY
PA9.Signal=GPIO_Output
VP_TIM1_VS_ClockSourceINT.Signal=TIM1_VS_ClockSourceINT
PB11.GPIOParameters=GPIO_PuPd,GPIO_Label
PB5.Locked=true
PB9.Locked=true
Dma.USART1_RX.0.PeriphInc=DMA_PINC_DISABLE
RCC.PLLSAI1PoutputFreq_Value=13714285.714285715
PB14.Signal=SPI2_MISO
NVIC.TIM1_BRK_TIM15_IRQn=true\:5\:0\:false\:false\:true\:true\:true\:true
ProjectManager.LastFirmware=true
SH.S_TIM15_CH1.ConfNb=1
SH.S_TIM15_CH1.0=TIM15_CH1,PWM Generation1 CH1
PA1.Mode=PGA Connected
PB3\ (JTDO-TRACESWO).GPIOParameters=GPIO_Label
Mcu.Pin37=VP_TIM2_VS_ClockSourceINT
Mcu.Pin38=VP_TIM15_VS_ClockSourceINT
Mcu.Pin35=VP_SYS_VS_tim16
RCC.I2C1Freq_Value=16000000
Mcu.Pin36=VP_TIM1_VS_ClockSourceINT
VP_SYS_VS_tim16.Signal=SYS_VS_tim16
Mcu.Pin39=VP_USB_DEVICE_VS_USB_DEVICE_CUSTOM_HID_FS
RCC.RNGFreq_Value=48000000
FREERTOS.configUSE_CO_ROUTINES=0
Mcu.Pin30=PB8
SH.ADCx_IN12.ConfNb=1
Mcu.Pin33=VP_FREERTOS_VS_CMSIS_V2
Mcu.Pin34=VP_RTC_VS_RTC_Activate
Mcu.Pin31=PB9
Mcu.Pin32=VP_FATFS_VS_Generic
PA9.Locked=true
NVIC.NonMaskableInt_IRQn=true\:0\:0\:false\:false\:true\:false\:false\:false
FREERTOS.configUSE_MUTEXES=1
FREERTOS.INCLUDE_xEventGroupSetBitFromISR=0
TIM2.Period=0xffffffff
FREERTOS.configMAX_CO_ROUTINE_PRIORITIES=2
FATFS._USE_FIND=0
ProjectManager.FreePins=false
FREERTOS.INCLUDE_xTaskResumeFromISR=1
RCC.LPTIM2Freq_Value=80000000
Mcu.Pin26=PB4 (NJTRST)
Mcu.Pin27=PB5
Mcu.Pin24=PA15 (JTDI)
ProjectManager.UnderRoot=true
Mcu.Pin25=PB3 (JTDO-TRACESWO)
Mcu.Pin28=PB6
Mcu.Pin29=PB7
PA13\ (JTMS-SWDIO).Mode=Serial_Wire
PA4.Signal=GPIO_Input
FREERTOS.configLIBRARY_MAX_SYSCALL_INTERRUPT_PRIORITY=5
PB5.Signal=GPIO_Input
Mcu.Pin22=PA13 (JTMS-SWDIO)
Mcu.Pin23=PA14 (JTCK-SWCLK)
Mcu.Pin20=PA11
ADC1.master=1
Mcu.Pin21=PA12
FREERTOS.configUSE_COUNTING_SEMAPHORES=1
PA10.Locked=true
NVIC.ForceEnableDMAVector=true
PB5.GPIO_PuPd=GPIO_PULLUP
NVIC.MemoryManagement_IRQn=true\:0\:0\:false\:false\:true\:false\:false\:false
ProjectManager.CompilerOptimize=6
PA11.Signal=USB_DM
ProjectManager.HeapSize=0x800
Mcu.Pin15=PB14
NVIC.HardFault_IRQn=true\:0\:0\:false\:false\:true\:false\:false\:false
Mcu.Pin16=PB15
Mcu.Pin13=PB12
Mcu.Pin14=PB13
FREERTOS.configUSE_RECURSIVE_MUTEXES=1
Mcu.Pin19=PA10
ProjectManager.ComputerToolchain=false
Mcu.Pin17=PA8
Mcu.Pin18=PA9
FREERTOS.Mutexes01=cdc_tx_mutex,Dynamic,NULL;uart_tx_mutex,Dynamic,NULL;cdc_rx_mutex,Dynamic,NULL;pwm_set_mutex,Dynamic,NULL
NVIC.PriorityGroup=NVIC_PRIORITYGROUP_4
Mcu.Pin11=PB1
Mcu.Pin12=PB11
Mcu.Pin10=PB0
USB.phy_itface=PCD_PHY_EMBEDDED
TIM2.TIM_MasterSlaveMode=TIM_MASTERSLAVEMODE_DISABLE
TIM2.AutoReloadPreload=TIM_AUTORELOAD_PRELOAD_ENABLE
RCC.PWRFreq_Value=80000000
PB4\ (NJTRST).GPIO_Label=CH0
TIM15.Pulse-PWM\ Generation1\ CH1=0x0
RCC.I2C2Freq_Value=80000000
TIM15.TIM_MasterOutputTrigger=TIM_TRGO_RESET
PB0.Signal=ADCx_IN15
PB4\ (NJTRST).GPIO_PuPd=GPIO_PULLUP
PB12.GPIOParameters=GPIO_Label
Mcu.Family=STM32L4
ProjectManager.MainLocation=Core/Src
FATFS._USE_FORWARD=0
USB_DEVICE.CLASS_NAME_FS=CUSTOM_HID
TIM15.AutoReloadPreload=TIM_AUTORELOAD_PRELOAD_ENABLE
RCC.SAI1Freq_Value=13714285.714285715
RCC.CortexFreq_Value=80000000
PC14-OSC32_IN\ (PC14).GPIO_PuPd=GPIO_PULLUP
FREERTOS.INCLUDE_xTaskGetSchedulerState=1
ProjectManager.KeepUserCode=true
Mcu.UserName=STM32L433CCTx
NVIC.USB_IRQn=true\:5\:0\:false\:false\:true\:true\:false\:true
RCC.PLLSAI1RoutputFreq_Value=48000000
TIM15.ClockDivision=TIM_CLOCKDIVISION_DIV1
ProjectManager.functionlistsort=1-MX_GPIO_Init-GPIO-false-HAL-true,2-MX_DMA_Init-DMA-false-HAL-true,3-SystemClock_Config-RCC-false-HAL-false,4-MX_SPI2_Init-SPI2-false-HAL-true,5-MX_TIM2_Init-TIM2-false-HAL-true,6-MX_FATFS_Init-FATFS-false-HAL-false,7-MX_USB_DEVICE_Init-USB_DEVICE-false-HAL-false,8-MX_TIM15_Init-TIM15-false-HAL-true,9-MX_USART1_UART_Init-USART1-false-HAL-true,10-MX_TIM1_Init-TIM1-false-HAL-true,11-MX_RTC_Init-RTC-false-HAL-true,12-MX_ADC1_Init-ADC1-false-HAL-true,13-MX_OPAMP1_Init-OPAMP1-false-HAL-true
PA9.GPIOParameters=GPIO_Label
PA11.Mode=Device
FREERTOS.configTICK_RATE_HZ=1000
VP_SYS_VS_tim16.Mode=TIM16
RCC.USART2Freq_Value=80000000
TIM1.Pulse-PWM\ Generation1\ CH1=0x0
PB11.GPIO_PuPd=GPIO_PULLUP
PC13.GPIO_Label=BUZZER
PB11.Signal=GPIO_Input
PB15.Signal=SPI2_MOSI
FREERTOS.configUSE_TASK_NOTIFICATIONS=1
ProjectManager.StackSize=0x400
PB3\ (JTDO-TRACESWO).Signal=GPIO_Output
PB5.GPIOParameters=GPIO_PuPd,GPIO_Label
VP_FREERTOS_VS_CMSIS_V2.Mode=CMSIS_V2
RCC.I2C3Freq_Value=80000000
Mcu.IP4=NVIC
Mcu.IP5=OPAMP1
RCC.FCLKCortexFreq_Value=80000000
USB_DEVICE.MANUFACTURER_STRING=STMicroelectronics
Mcu.IP2=FATFS
Mcu.IP3=FREERTOS
Mcu.IP0=ADC1
Mcu.IP1=DMA
PA12.Signal=USB_DP
PC15-OSC32_OUT\ (PC15).GPIOParameters=GPIO_PuPd,GPIO_Label
Mcu.UserConstants=
RCC.VCOSAI1OutputFreq_Value=96000000
FATFS._MAX_LFN=255
TIM15.Prescaler=0
Mcu.ThirdPartyNb=0
FREERTOS.configUSE_STATS_FORMATTING_FUNCTIONS=0
RCC.HCLKFreq_Value=80000000
RCC.FLatency=FLASH_LATENCY_4
Mcu.IPNb=16
ProjectManager.PreviousToolchain=STM32CubeIDE
FATFS._MULTI_PARTITION=0
TIM2.ClockDivision=TIM_CLOCKDIVISION_DIV1
FREERTOS.configUSE_MALLOC_FAILED_HOOK=0
Mcu.Pin6=PA3
FREERTOS.configQUEUE_REGISTRY_SIZE=8
Mcu.Pin7=PA4
Mcu.Pin8=PA6
Mcu.Pin9=PA7
FREERTOS.IPParameters=Tasks01,configUSE_PREEMPTION,configTICK_RATE_HZ,configMINIMAL_STACK_SIZE,configMAX_TASK_NAME_LEN,configIDLE_SHOULD_YIELD,configUSE_MUTEXES,configUSE_RECURSIVE_MUTEXES,configUSE_COUNTING_SEMAPHORES,configQUEUE_REGISTRY_SIZE,configUSE_APPLICATION_TASK_TAG,configTOTAL_HEAP_SIZE,HEAP_NUMBER,configUSE_IDLE_HOOK,configUSE_TICK_HOOK,configUSE_MALLOC_FAILED_HOOK,configUSE_DAEMON_TASK_STARTUP_HOOK,configCHECK_FOR_STACK_OVERFLOW,configGENERATE_RUN_TIME_STATS,configUSE_TRACE_FACILITY,configUSE_STATS_FORMATTING_FUNCTIONS,configUSE_CO_ROUTINES,configMAX_CO_ROUTINE_PRIORITIES,configTIMER_TASK_PRIORITY,configTIMER_QUEUE_LENGTH,configTIMER_TASK_STACK_DEPTH,configLIBRARY_LOWEST_INTERRUPT_PRIORITY,configLIBRARY_MAX_SYSCALL_INTERRUPT_PRIORITY,INCLUDE_vTaskPrioritySet,INCLUDE_uxTaskPriorityGet,INCLUDE_vTaskDelete,INCLUDE_vTaskCleanUpResources,INCLUDE_vTaskSuspend,INCLUDE_vTaskDelayUntil,INCLUDE_vTaskDelay,INCLUDE_xTaskGetSchedulerState,INCLUDE_xTaskResumeFromISR,INCLUDE_xQueueGetMutexHolder,INCLUDE_xSemaphoreGetMutexHolder,INCLUDE_pcTaskGetTaskName,INCLUDE_uxTaskGetStackHighWaterMark,INCLUDE_xTaskGetCurrentTaskHandle,INCLUDE_eTaskGetState,INCLUDE_xEventGroupSetBitFromISR,INCLUDE_xTimerPendFunctionCall,configENABLE_BACKWARD_COMPATIBILITY,configUSE_TICKLESS_IDLE,configUSE_TASK_NOTIFICATIONS,INCLUDE_xTaskAbortDelay,INCLUDE_xTaskGetHandle,configRECORD_STACK_HIGH_ADDRESS,configUSE_NEWLIB_REENTRANT,copyHeapFile,FootprintOK,Mutexes01,Events01
RCC.AHBFreq_Value=80000000
SPI2.BaudRatePrescaler=SPI_BAUDRATEPRESCALER_2
Dma.USART1_RX.0.Priority=DMA_PRIORITY_LOW
Mcu.Pin0=PC13
Mcu.Pin1=PC14-OSC32_IN (PC14)
GPIO.groupedBy=Group By Peripherals
Mcu.Pin2=PC15-OSC32_OUT (PC15)
FREERTOS.configUSE_PREEMPTION=1
Mcu.Pin3=PA0
Mcu.Pin4=PA1
Mcu.Pin5=PA2
ADC1.Channel-0\#ChannelRegularConversion=ADC_CHANNEL_15
RCC.HSE_VALUE=8000000
NVIC.DebugMonitor_IRQn=true\:0\:0\:false\:false\:true\:false\:false\:false
PA4.GPIO_PuPd=GPIO_PULLUP
Mcu.IP10=TIM1
NVIC.SysTick_IRQn=true\:15\:0\:false\:false\:false\:true\:false\:true
Mcu.IP12=TIM15
Mcu.IP11=TIM2
FREERTOS.configENABLE_BACKWARD_COMPATIBILITY=1
Mcu.IP14=USB
Mcu.IP13=USART1
USB_DEVICE.USBD_SELF_POWERED=1
Mcu.IP15=USB_DEVICE
RCC.VCOInputFreq_Value=4000000
File.Version=6
PA10.GPIO_Label=USB_EN
SH.ADCx_IN16.ConfNb=1
SH.S_TIM2_CH1.ConfNb=1
PB7.Signal=USART1_RX
PB8.Locked=true
FREERTOS.INCLUDE_vTaskCleanUpResources=0
Dma.USART1_RX.0.MemInc=DMA_MINC_ENABLE
Dma.RequestsNb=1
FREERTOS.configTIMER_TASK_PRIORITY=2
FREERTOS.configTOTAL_HEAP_SIZE=5120
ProjectManager.ProjectName=motor_hid_l433
FATFS._USE_LABEL=0
USB.battery_charging_enable=DISABLE
PB4\ (NJTRST).Locked=true
PA6.Signal=ADCx_IN11
FREERTOS.INCLUDE_xTaskAbortDelay=0
VP_FATFS_VS_Generic.Signal=FATFS_VS_Generic
ProjectManager.ToolChainLocation=
RCC.LSI_VALUE=32000
USB.DeviceSpeed=PCD_SPEED_FULL
PC14-OSC32_IN\ (PC14).Locked=true
TIM2.TIM_MasterOutputTrigger=TIM_TRGO_RESET
FATFS._FS_LOCK=2
PB5.GPIO_Label=CH1
FREERTOS.configUSE_TICK_HOOK=0
Dma.USART1_RX.0.Mode=DMA_NORMAL
FATFS._FS_RPATH=0
SPI2.Direction=SPI_DIRECTION_2LINES
FREERTOS.configMAX_TASK_NAME_LEN=16
Dma.Request0=USART1_RX
Dma.USART1_RX.0.Instance=DMA2_Channel7
RCC.PLLSAI1N=24
PB3\ (JTDO-TRACESWO).Locked=true
PA3.Signal=OPAMP1_VOUT
VP_RTC_VS_RTC_Activate.Signal=RTC_VS_RTC_Activate
RCC.MSI_VALUE=4000000
PA14\ (JTCK-SWCLK).Mode=Serial_Wire
SH.S_TIM2_CH1.0=TIM2_CH1,PWM_Input_1
FATFS._FS_REENTRANT=1
Dma.USART1_RX.0.PeriphDataAlignment=DMA_PDATAALIGN_BYTE
TIM2.CounterMode=TIM_COUNTERMODE_UP
ProjectManager.NoMain=false
USB_DEVICE.VirtualModeFS=Custom_Hid_FS
FATFS._FS_NOFSINFO=0
NVIC.SavedSvcallIrqHandlerGenerated=true
RCC.I2C1CLockSelection=RCC_I2C1CLKSOURCE_HSI
FREERTOS.configUSE_TICKLESS_IDLE=0
ProjectManager.DefaultFWLocation=true
PC15-OSC32_OUT\ (PC15).Signal=GPIO_Input
FREERTOS.INCLUDE_vTaskDelay=1
USB.IPParameters=DeviceSpeed,phy_itface,low_power_enable,battery_charging_enable
PB12.Locked=true
PB3\ (JTDO-TRACESWO).GPIO_Label=EN_FG1
ProjectManager.DeletePrevious=true
FREERTOS.configUSE_APPLICATION_TASK_TAG=0
USB_DEVICE.IPParameters=VirtualMode,VirtualModeFS,CLASS_NAME_FS,USBD_MAX_NUM_INTERFACES,USBD_MAX_NUM_CONFIGURATION,USBD_MAX_STR_DESC_SIZ,USBD_SELF_POWERED,USBD_DEBUG_LEVEL,VID,LANGID_STRING,MANUFACTURER_STRING
RCC.FamilyName=M
FREERTOS.INCLUDE_uxTaskGetStackHighWaterMark=1
FATFS.IPParameters=_FS_READONLY,_FS_MINIMIZE,_USE_STRFUNC,_USE_FIND,_USE_MKFS,_USE_FASTSEEK,_USE_LABEL,_USE_FORWARD,_CODE_PAGE,_USE_LFN,_MAX_LFN,_LFN_UNICODE,_STRF_ENCODE,_FS_RPATH,_VOLUMES,_MAX_SS,_MIN_SS,_MULTI_PARTITION,_USE_TRIM,_FS_NOFSINFO,_FS_TINY,_FS_NORTC,_FS_REENTRANT,_FS_TIMEOUT,_FS_LOCK
USART1.VirtualMode-Asynchronous=VM_ASYNC
FREERTOS.configUSE_IDLE_HOOK=0
FREERTOS.INCLUDE_vTaskDelete=1
PB4\ (NJTRST).GPIOParameters=GPIO_PuPd,GPIO_Label
SH.ADCx_IN12.0=ADC1_IN12,IN11-Differential
SH.S_TIM1_CH1.0=TIM1_CH1,PWM Generation1 CH1
FREERTOS.configRECORD_STACK_HIGH_ADDRESS=0
ProjectManager.TargetToolchain=STM32CubeIDE
FREERTOS.configUSE_TRACE_FACILITY=1
FREERTOS.configTIMER_TASK_STACK_DEPTH=256
FATFS._CODE_PAGE=850
SPI2.IPParameters=VirtualType,Mode,Direction,CalculateBaudRate,BaudRatePrescaler
ProjectManager.RegisterCallBack=
PC15-OSC32_OUT\ (PC15).Locked=true
RCC.USBFreq_Value=48000000
RCC.LSE_VALUE=32768
TIM15.IPParameters=Prescaler,CounterMode,Period,ClockDivision,AutoReloadPreload,TIM_MasterSlaveMode,TIM_MasterOutputTrigger,Channel-PWM Generation1 CH1,Pulse-PWM Generation1 CH1
PA1.Signal=OPAMP1_VINM
VP_FATFS_VS_Generic.Mode=User_defined
USB_DEVICE.LANGID_STRING=1033
FATFS._STRF_ENCODE=3
board=custom
RCC.VCOOutputFreq_Value=160000000
FATFS._USE_FASTSEEK=1
USB.low_power_enable=DISABLE
PB15.Mode=Full_Duplex_Master
PC15-OSC32_OUT\ (PC15).GPIO_PuPd=GPIO_PULLUP
FATFS._FS_NORTC=0
FREERTOS.INCLUDE_eTaskGetState=1
NVIC.SavedSystickIrqHandlerGenerated=true
RCC.APB2Freq_Value=80000000
SH.ADCx_IN11.0=ADC1_IN11,IN11-Differential
MxCube.Version=6.2.1
VP_TIM2_VS_ClockSourceINT.Mode=Internal
PC13.GPIOParameters=GPIO_Label
RCC.PLLSAI1QoutputFreq_Value=48000000
RCC.ADCFreq_Value=48000000
PA10.GPIOParameters=GPIO_Label
Dma.USART1_RX.0.MemDataAlignment=DMA_MDATAALIGN_BYTE
SH.ADCx_IN15.ConfNb=1
PA4.GPIOParameters=GPIO_PuPd,GPIO_Label
FREERTOS.INCLUDE_uxTaskPriorityGet=1
RCC.IPParameters=ADCFreq_Value,AHBFreq_Value,APB1Freq_Value,APB1TimFreq_Value,APB2Freq_Value,APB2TimFreq_Value,CortexFreq_Value,FCLKCortexFreq_Value,FLatency,FamilyName,HCLKFreq_Value,HSE_VALUE,HSI48_VALUE,HSI_VALUE,I2C1CLockSelection,I2C1Freq_Value,I2C2Freq_Value,I2C3Freq_Value,LPTIM1Freq_Value,LPTIM2Freq_Value,LPUART1Freq_Value,LSCOPinFreq_Value,LSE_VALUE,LSI_VALUE,MCO1PinFreq_Value,MSI_VALUE,PLLN,PLLPoutputFreq_Value,PLLQoutputFreq_Value,PLLRCLKFreq_Value,PLLSAI1N,PLLSAI1PoutputFreq_Value,PLLSAI1QoutputFreq_Value,PLLSAI1RoutputFreq_Value,PREFETCH_ENABLE,PWRFreq_Value,RNGFreq_Value,SAI1Freq_Value,SWPMI1Freq_Value,SYSCLKFreq_VALUE,SYSCLKSource,USART1Freq_Value,USART2Freq_Value,USART3Freq_Value,USBFreq_Value,VCOInputFreq_Value,VCOOutputFreq_Value,VCOSAI1OutputFreq_Value
ProjectManager.AskForMigrate=true
Mcu.Name=STM32L433C(B-C)Tx
FREERTOS.INCLUDE_xSemaphoreGetMutexHolder=0
NVIC.SavedPendsvIrqHandlerGenerated=true
PA2.Signal=S_TIM15_CH1
FATFS._MAX_SS=512
Mcu.IP8=SPI2
VP_FREERTOS_VS_CMSIS_V2.Signal=FREERTOS_VS_CMSIS_V2
Mcu.IP9=SYS
Mcu.IP6=RCC
Mcu.IP7=RTC
ProjectManager.CoupleFile=true
RCC.SYSCLKFreq_VALUE=80000000
PA12.Mode=Device
KeepUserPlacement=false
PC14-OSC32_IN\ (PC14).Signal=GPIO_Input
PB7.Mode=Asynchronous
VP_TIM15_VS_ClockSourceINT.Mode=Internal
FREERTOS.INCLUDE_xTaskGetHandle=0
NVIC.DMA2_Channel7_IRQn=true\:5\:0\:false\:false\:true\:true\:false\:true
USB_DEVICE.USBD_MAX_NUM_CONFIGURATION=1
FATFS._USE_TRIM=0
RCC.HSI_VALUE=16000000
PC14-OSC32_IN\ (PC14).GPIOParameters=GPIO_PuPd,GPIO_Label
NVIC.TIM1_UP_TIM16_IRQn=true\:0\:0\:false\:false\:true\:false\:true\:true
ADC1.NbrOfConversionFlag=1
RCC.PLLN=40
PB7.Locked=true
PB8.Signal=I2C1_SCL
FATFS._FS_READONLY=0
TIM15.CounterMode=TIM_COUNTERMODE_UP
PA15\ (JTDI).Locked=true
RCC.APB1Freq_Value=80000000
USB_DEVICE.VirtualMode=CustomHid
PB11.Locked=true
USB_DEVICE.USBD_MAX_STR_DESC_SIZ=512
ProjectManager.DeviceId=STM32L433CCTx
PB12.Signal=GPIO_Output
ProjectManager.LibraryCopy=1
PA7.Signal=ADCx_IN12
PB4\ (NJTRST).Signal=GPIO_Input
isbadioc=false
